
Microsoft Visual Studio Solution File, Format Version 12.00
# Visual Studio Version 17
VisualStudioVersion = 17.8.34511.84
MinimumVisualStudioVersion = 10.0.40219.1
Project("{FAE04EC0-301F-11D3-BF4B-00C04F79EFBC}") = "Labirinto", "Labirinto.csproj", "{B8F1994B-D72B-4BC4-9B35-EBEB802C0AEC}"
EndProject
Global
	GlobalSection(SolutionConfigurationPlatforms) = preSolution
		Debug|Any CPU = Debug|Any CPU
		Release|Any CPU = Release|Any CPU
	EndGlobalSection
	GlobalSection(ProjectConfigurationPlatforms) = postSolution
		{B8F1994B-D72B-4BC4-9B35-EBEB802C0AEC}.Debug|Any CPU.ActiveCfg = Debug|Any CPU
		{B8F1994B-D72B-4BC4-9B35-EBEB802C0AEC}.Debug|Any CPU.Build.0 = Debug|Any CPU
		{B8F1994B-D72B-4BC4-9B35-EBEB802C0AEC}.Release|Any CPU.ActiveCfg = Release|Any CPU
		{B8F1994B-D72B-4BC4-9B35-EBEB802C0AEC}.Release|Any CPU.Build.0 = Release|Any CPU
	EndGlobalSection
	GlobalSection(SolutionProperties) = preSolution
		HideSolutionNode = FALSE
	EndGlobalSection
	GlobalSection(ExtensibilityGlobals) = postSolution
		SolutionGuid = {DA0B574D-D0E5-4A84-AB7B-12F1701E1CD6}
	EndGlobalSection
EndGlobal
